
Microsoft Visual Studio Solution File, Format Version 12.00
# Visual Studio 15
Project("{FAE04EC0-301F-11D3-BF4B-00C04F79EFBC}") = "NavMeshComponents", "NavMeshComponents.csproj", "{C6B72901-7C8C-88E4-D2E3-5E3E7934CD15}"
EndProject
Project("{FAE04EC0-301F-11D3-BF4B-00C04F79EFBC}") = "Assembly-CSharp", "Assembly-CSharp.csproj", "{012B73D9-237F-78C9-A7F8-71652D8A9B66}"
EndProject
Project("{FAE04EC0-301F-11D3-BF4B-00C04F79EFBC}") = "NavMeshComponentsEditor", "NavMeshComponentsEditor.csproj", "{9938EDB6-5437-67AB-B5C2-6D188624FD9F}"
EndProject
Global
	GlobalSection(SolutionConfigurationPlatforms) = preSolution
		Debug|Any CPU = Debug|Any CPU
		Release|Any CPU = Release|Any CPU
	EndGlobalSection
	GlobalSection(ProjectConfigurationPlatforms) = postSolution
		{C6B72901-7C8C-88E4-D2E3-5E3E7934CD15}.Debug|Any CPU.ActiveCfg = Debug|Any CPU
		{C6B72901-7C8C-88E4-D2E3-5E3E7934CD15}.Debug|Any CPU.Build.0 = Debug|Any CPU
		{C6B72901-7C8C-88E4-D2E3-5E3E7934CD15}.Release|Any CPU.ActiveCfg = Release|Any CPU
		{C6B72901-7C8C-88E4-D2E3-5E3E7934CD15}.Release|Any CPU.Build.0 = Release|Any CPU
		{012B73D9-237F-78C9-A7F8-71652D8A9B66}.Debug|Any CPU.ActiveCfg = Debug|Any CPU
		{012B73D9-237F-78C9-A7F8-71652D8A9B66}.Debug|Any CPU.Build.0 = Debug|Any CPU
		{012B73D9-237F-78C9-A7F8-71652D8A9B66}.Release|Any CPU.ActiveCfg = Release|Any CPU
		{012B73D9-237F-78C9-A7F8-71652D8A9B66}.Release|Any CPU.Build.0 = Release|Any CPU
		{9938EDB6-5437-67AB-B5C2-6D188624FD9F}.Debug|Any CPU.ActiveCfg = Debug|Any CPU
		{9938EDB6-5437-67AB-B5C2-6D188624FD9F}.Debug|Any CPU.Build.0 = Debug|Any CPU
		{9938EDB6-5437-67AB-B5C2-6D188624FD9F}.Release|Any CPU.ActiveCfg = Release|Any CPU
		{9938EDB6-5437-67AB-B5C2-6D188624FD9F}.Release|Any CPU.Build.0 = Release|Any CPU
	EndGlobalSection
	GlobalSection(SolutionProperties) = preSolution
		HideSolutionNode = FALSE
	EndGlobalSection
EndGlobal
